
Microsoft Visual Studio Solution File, Format Version 12.00
# Visual Studio Version 17
VisualStudioVersion = 17.7.34018.315
MinimumVisualStudioVersion = 10.0.40219.1
Project("{FAE04EC0-301F-11D3-BF4B-00C04F79EFBC}") = "LAB06_PRUEBAS", "LAB06_PRUEBAS.csproj", "{EEE90125-3930-452D-A324-905CC10BC9CA}"
EndProject
Project("{FAE04EC0-301F-11D3-BF4B-00C04F79EFBC}") = "TestProject1", "TestProject1\TestProject1.csproj", "{E46EAE61-3969-4573-8925-67448F3F8B97}"
EndProject
Global
	GlobalSection(SolutionConfigurationPlatforms) = preSolution
		Debug|Any CPU = Debug|Any CPU
		Release|Any CPU = Release|Any CPU
	EndGlobalSection
	GlobalSection(ProjectConfigurationPlatforms) = postSolution
		{EEE90125-3930-452D-A324-905CC10BC9CA}.Debug|Any CPU.ActiveCfg = Debug|Any CPU
		{EEE90125-3930-452D-A324-905CC10BC9CA}.Debug|Any CPU.Build.0 = Debug|Any CPU
		{EEE90125-3930-452D-A324-905CC10BC9CA}.Release|Any CPU.ActiveCfg = Release|Any CPU
		{EEE90125-3930-452D-A324-905CC10BC9CA}.Release|Any CPU.Build.0 = Release|Any CPU
		{E46EAE61-3969-4573-8925-67448F3F8B97}.Debug|Any CPU.ActiveCfg = Debug|Any CPU
		{E46EAE61-3969-4573-8925-67448F3F8B97}.Debug|Any CPU.Build.0 = Debug|Any CPU
		{E46EAE61-3969-4573-8925-67448F3F8B97}.Release|Any CPU.ActiveCfg = Release|Any CPU
		{E46EAE61-3969-4573-8925-67448F3F8B97}.Release|Any CPU.Build.0 = Release|Any CPU
	EndGlobalSection
	GlobalSection(SolutionProperties) = preSolution
		HideSolutionNode = FALSE
	EndGlobalSection
	GlobalSection(ExtensibilityGlobals) = postSolution
		SolutionGuid = {5F2E47CB-0459-4C6C-A0AC-ECE4465CEB39}
	EndGlobalSection
EndGlobal
